
Microsoft Visual Studio Solution File, Format Version 12.00
# Visual Studio Version 17
VisualStudioVersion = 17.14.36804.6 d17.14
MinimumVisualStudioVersion = 10.0.40219.1
Project("{8BC9CEB8-8B4A-11D0-8D11-00A0C91BC942}") = "example", "example.vcxproj", "{BE9AC3FA-6185-486C-894D-E9BF25CA214C}"
EndProject
Global
	GlobalSection(SolutionConfigurationPlatforms) = preSolution
		Debug|x64 = Debug|x64
		Release|x64 = Release|x64
	EndGlobalSection
	GlobalSection(ProjectConfigurationPlatforms) = postSolution
		{BE9AC3FA-6185-486C-894D-E9BF25CA214C}.Debug|x64.ActiveCfg = Debug|x64
		{BE9AC3FA-6185-486C-894D-E9BF25CA214C}.Debug|x64.Build.0 = Debug|x64
		{BE9AC3FA-6185-486C-894D-E9BF25CA214C}.Release|x64.ActiveCfg = Release|x64
		{BE9AC3FA-6185-486C-894D-E9BF25CA214C}.Release|x64.Build.0 = Release|x64
	EndGlobalSection
	GlobalSection(SolutionProperties) = preSolution
		HideSolutionNode = FALSE
	EndGlobalSection
	GlobalSection(ExtensibilityGlobals) = postSolution
		SolutionGuid = {09C93F7D-55E1-4584-BA4E-6BD716C19F41}
	EndGlobalSection
EndGlobal
